
Microsoft Visual Studio Solution File, Format Version 12.00
# Visual Studio Version 17
VisualStudioVersion = 17.8.34525.116
MinimumVisualStudioVersion = 10.0.40219.1
Project("{2150E333-8FDC-42A3-9474-1A3956D46DE8}") = "Core", "Core", "{F5660D91-8134-4DFB-8D81-F41FDFBF438F}"
EndProject
Project("{9A19103F-16F7-4668-BE54-9A1E7A4F7556}") = "ETicaretAPI.Domain", "Core\ETicaretAPI.Domain\ETicaretAPI.Domain.csproj", "{AA693098-C5E4-4A74-AD49-CFE89E27AF3B}"
EndProject
Project("{9A19103F-16F7-4668-BE54-9A1E7A4F7556}") = "ETicaretAPI.Application", "Core\ETicaretAPI.Application\ETicaretAPI.Application.csproj", "{0A0FF2A0-0EE7-4390-B71C-62F3B9E833E0}"
EndProject
Project("{2150E333-8FDC-42A3-9474-1A3956D46DE8}") = "Infrastructure", "Infrastructure", "{DC11C69B-0793-4980-B17E-A90B7BB0AF5E}"
EndProject
Project("{9A19103F-16F7-4668-BE54-9A1E7A4F7556}") = "ETicaretAPI.Infrastructure", "Infrastructure\ETicaretAPI.Infrastructure\ETicaretAPI.Infrastructure.csproj", "{10A7793D-4D24-4583-ACF0-6ADEE1381604}"
EndProject
Project("{9A19103F-16F7-4668-BE54-9A1E7A4F7556}") = "ETicaretAPI.Persistence", "Infrastructure\ETicaretAPI.Persistence\ETicaretAPI.Persistence.csproj", "{E39AECD1-EF6A-4AB5-8AF3-64678A02DF4B}"
EndProject
Project("{2150E333-8FDC-42A3-9474-1A3956D46DE8}") = "Presentation", "Presentation", "{E0868544-82E0-4580-8E35-E95FCC7106B7}"
EndProject
Project("{9A19103F-16F7-4668-BE54-9A1E7A4F7556}") = "ETicaretAPI.API", "Presentation\ETicaretAPI.API\ETicaretAPI.API.csproj", "{EE5481F9-D878-40BE-A708-499C659E9CC3}"
EndProject
Project("{FAE04EC0-301F-11D3-BF4B-00C04F79EFBC}") = "ETicaretAPI.SignalR", "Infrastructure\ETicaretAPI.SignalR\ETicaretAPI.SignalR.csproj", "{EF8D24E8-CD62-4922-9A7D-B597A4882B71}"
EndProject
Global
	GlobalSection(SolutionConfigurationPlatforms) = preSolution
		Debug|Any CPU = Debug|Any CPU
		Release|Any CPU = Release|Any CPU
	EndGlobalSection
	GlobalSection(ProjectConfigurationPlatforms) = postSolution
		{AA693098-C5E4-4A74-AD49-CFE89E27AF3B}.Debug|Any CPU.ActiveCfg = Debug|Any CPU
		{AA693098-C5E4-4A74-AD49-CFE89E27AF3B}.Debug|Any CPU.Build.0 = Debug|Any CPU
		{AA693098-C5E4-4A74-AD49-CFE89E27AF3B}.Release|Any CPU.ActiveCfg = Release|Any CPU
		{AA693098-C5E4-4A74-AD49-CFE89E27AF3B}.Release|Any CPU.Build.0 = Release|Any CPU
		{0A0FF2A0-0EE7-4390-B71C-62F3B9E833E0}.Debug|Any CPU.ActiveCfg = Debug|Any CPU
		{0A0FF2A0-0EE7-4390-B71C-62F3B9E833E0}.Debug|Any CPU.Build.0 = Debug|Any CPU
		{0A0FF2A0-0EE7-4390-B71C-62F3B9E833E0}.Release|Any CPU.ActiveCfg = Release|Any CPU
		{0A0FF2A0-0EE7-4390-B71C-62F3B9E833E0}.Release|Any CPU.Build.0 = Release|Any CPU
		{10A7793D-4D24-4583-ACF0-6ADEE1381604}.Debug|Any CPU.ActiveCfg = Debug|Any CPU
		{10A7793D-4D24-4583-ACF0-6ADEE1381604}.Debug|Any CPU.Build.0 = Debug|Any CPU
		{10A7793D-4D24-4583-ACF0-6ADEE1381604}.Release|Any CPU.ActiveCfg = Release|Any CPU
		{10A7793D-4D24-4583-ACF0-6ADEE1381604}.Release|Any CPU.Build.0 = Release|Any CPU
		{E39AECD1-EF6A-4AB5-8AF3-64678A02DF4B}.Debug|Any CPU.ActiveCfg = Debug|Any CPU
		{E39AECD1-EF6A-4AB5-8AF3-64678A02DF4B}.Debug|Any CPU.Build.0 = Debug|Any CPU
		{E39AECD1-EF6A-4AB5-8AF3-64678A02DF4B}.Release|Any CPU.ActiveCfg = Release|Any CPU
		{E39AECD1-EF6A-4AB5-8AF3-64678A02DF4B}.Release|Any CPU.Build.0 = Release|Any CPU
		{EE5481F9-D878-40BE-A708-499C659E9CC3}.Debug|Any CPU.ActiveCfg = Debug|Any CPU
		{EE5481F9-D878-40BE-A708-499C659E9CC3}.Debug|Any CPU.Build.0 = Debug|Any CPU
		{EE5481F9-D878-40BE-A708-499C659E9CC3}.Release|Any CPU.ActiveCfg = Release|Any CPU
		{EE5481F9-D878-40BE-A708-499C659E9CC3}.Release|Any CPU.Build.0 = Release|Any CPU
		{EF8D24E8-CD62-4922-9A7D-B597A4882B71}.Debug|Any CPU.ActiveCfg = Debug|Any CPU
		{EF8D24E8-CD62-4922-9A7D-B597A4882B71}.Debug|Any CPU.Build.0 = Debug|Any CPU
		{EF8D24E8-CD62-4922-9A7D-B597A4882B71}.Release|Any CPU.ActiveCfg = Release|Any CPU
		{EF8D24E8-CD62-4922-9A7D-B597A4882B71}.Release|Any CPU.Build.0 = Release|Any CPU
	EndGlobalSection
	GlobalSection(SolutionProperties) = preSolution
		HideSolutionNode = FALSE
	EndGlobalSection
	GlobalSection(NestedProjects) = preSolution
		{AA693098-C5E4-4A74-AD49-CFE89E27AF3B} = {F5660D91-8134-4DFB-8D81-F41FDFBF438F}
		{0A0FF2A0-0EE7-4390-B71C-62F3B9E833E0} = {F5660D91-8134-4DFB-8D81-F41FDFBF438F}
		{10A7793D-4D24-4583-ACF0-6ADEE1381604} = {DC11C69B-0793-4980-B17E-A90B7BB0AF5E}
		{E39AECD1-EF6A-4AB5-8AF3-64678A02DF4B} = {DC11C69B-0793-4980-B17E-A90B7BB0AF5E}
		{EE5481F9-D878-40BE-A708-499C659E9CC3} = {E0868544-82E0-4580-8E35-E95FCC7106B7}
		{EF8D24E8-CD62-4922-9A7D-B597A4882B71} = {DC11C69B-0793-4980-B17E-A90B7BB0AF5E}
	EndGlobalSection
	GlobalSection(ExtensibilityGlobals) = postSolution
		SolutionGuid = {D181ECC4-85A7-422F-9757-63316268653E}
	EndGlobalSection
EndGlobal
